PODS:
  - Flutter (1.0.0)
  - NWWebSocket (0.5.10)
  - PusherSwift (10.1.10):
    - NWWebSocket (~> 0.5.10)
    - PusherTweetNacl (~> 1.2.0)
  - PusherTweetNacl (1.2.0)
  - shared_preferences_foundation (0.0.1):
    - Flutter
    - FlutterMacOS
  - vs_pusher_channels_flutter (0.0.1):
    - Flutter
    - PusherSwift (~> 10.1.10)

DEPENDENCIES:
  - Flutter (from `Flutter`)
  - shared_preferences_foundation (from `.symlinks/plugins/shared_preferences_foundation/darwin`)
  - vs_pusher_channels_flutter (from `.symlinks/plugins/vs_pusher_channels_flutter/ios`)

SPEC REPOS:
  trunk:
    - NWWebSocket
    - PusherSwift
    - PusherTweetNacl

EXTERNAL SOURCES:
  Flutter:
    :path: Flutter
  shared_preferences_foundation:
    :path: ".symlinks/plugins/shared_preferences_foundation/darwin"
  vs_pusher_channels_flutter:
    :path: ".symlinks/plugins/vs_pusher_channels_flutter/ios"

SPEC CHECKSUMS:
  Flutter: cabc95a1d2626b1b06e7179b784ebcf0c0cde467
  NWWebSocket: 873eb4b18acd0317da70cdba388d792a3187ce00
  PusherSwift: 6022fe6584b4317dc5c177091292b2a4d80a8c35
  PusherTweetNacl: 015f56f2cf010e718703f2bd9bca66fdcc91b208
  shared_preferences_foundation: 9e1978ff2562383bd5676f64ec4e9aa8fa06a6f7
  vs_pusher_channels_flutter: b53b0b432f3c018cb517b1f6661a6231331edd7a

PODFILE CHECKSUM: cc1f88378b4bfcf93a6ce00d2c587857c6008d3b

COCOAPODS: 1.17.0
